{
  "object": {
    "pins": [
      {
        "package": "Apodimark",
        "repositoryURL": "https://github.com/flight-labs/Apodimark.git",
        "state": {
          "branch": null,
          "revision": "100d63048ba6701602050478d9087d2cb97ca3a9",
          "version": "0.7.4"
        }
      },
      {
        "package": "Html",
        "repositoryURL": "https://github.com/pointfreeco/swift-html.git",
        "state": {
          "branch": null,
          "revision": "513bc70a27e1c4df14c85b1cab5146cc4e235a4f",
          "version": "0.2.0"
        }
      },
      {
        "package": "SnapshotTesting",
        "repositoryURL": "https://github.com/pointfreeco/swift-snapshot-testing.git",
        "state": {
          "branch": null,
          "revision": "129e393c6d17f7f6490fa212f19ae0d558bbd5dc",
          "version": "1.1.0"
        }
      }
    ]
  },
  "version": 1
}
